
Microsoft Visual Studio Solution File, Format Version 12.00
# Visual Studio Version 16
VisualStudioVersion = 16.0.29418.71
MinimumVisualStudioVersion = 10.0.40219.1
Project("{FAE04EC0-301F-11D3-BF4B-00C04F79EFBC}") = "RecipieDB", "RecipieDB\RecipieDB.csproj", "{8A21D475-2421-4F90-AAA6-98E237D7D923}"
EndProject
Project("{FAE04EC0-301F-11D3-BF4B-00C04F79EFBC}") = "RecipeDB2", "RecipeDB2\RecipeDB2.csproj", "{359772C4-BFC5-4A27-AE42-84B646A876F4}"
EndProject
Global
	GlobalSection(SolutionConfigurationPlatforms) = preSolution
		Debug|Any CPU = Debug|Any CPU
		Release|Any CPU = Release|Any CPU
	EndGlobalSection
	GlobalSection(ProjectConfigurationPlatforms) = postSolution
		{8A21D475-2421-4F90-AAA6-98E237D7D923}.Debug|Any CPU.ActiveCfg = Debug|Any CPU
		{8A21D475-2421-4F90-AAA6-98E237D7D923}.Debug|Any CPU.Build.0 = Debug|Any CPU
		{8A21D475-2421-4F90-AAA6-98E237D7D923}.Release|Any CPU.ActiveCfg = Release|Any CPU
		{8A21D475-2421-4F90-AAA6-98E237D7D923}.Release|Any CPU.Build.0 = Release|Any CPU
		{359772C4-BFC5-4A27-AE42-84B646A876F4}.Debug|Any CPU.ActiveCfg = Debug|Any CPU
		{359772C4-BFC5-4A27-AE42-84B646A876F4}.Debug|Any CPU.Build.0 = Debug|Any CPU
		{359772C4-BFC5-4A27-AE42-84B646A876F4}.Release|Any CPU.ActiveCfg = Release|Any CPU
		{359772C4-BFC5-4A27-AE42-84B646A876F4}.Release|Any CPU.Build.0 = Release|Any CPU
	EndGlobalSection
	GlobalSection(SolutionProperties) = preSolution
		HideSolutionNode = FALSE
	EndGlobalSection
	GlobalSection(ExtensibilityGlobals) = postSolution
		SolutionGuid = {2DC5278B-8D9E-4BB6-B251-3BD01B4EBD43}
	EndGlobalSection
EndGlobal
